
Microsoft Visual Studio Solution File, Format Version 12.00
# Visual Studio Version 18
VisualStudioVersion = 18.7.11925.98 stable
MinimumVisualStudioVersion = 10.0.40219.1
Project("{FAE04EC0-301F-11D3-BF4B-00C04F79EFBC}") = "DAO", "DAO\DAO.csproj", "{1FA61ADE-6FB6-4FEA-95F1-D99C7523D18A}"
EndProject
Project("{FAE04EC0-301F-11D3-BF4B-00C04F79EFBC}") = "Model", "Model\Model.csproj", "{84F644D0-0931-4536-9EDC-CBE7A773F546}"
EndProject
Project("{FAE04EC0-301F-11D3-BF4B-00C04F79EFBC}") = "TBYS_WebParts", "TBYS_WebParts\TBYS_WebParts.csproj", "{98B2BF6E-5C11-42D6-B285-44B657BEE149}"
	ProjectSection(ProjectDependencies) = postProject
		{84F644D0-0931-4536-9EDC-CBE7A773F546} = {84F644D0-0931-4536-9EDC-CBE7A773F546}
		{1FA61ADE-6FB6-4FEA-95F1-D99C7523D18A} = {1FA61ADE-6FB6-4FEA-95F1-D99C7523D18A}
	EndProjectSection
EndProject
Project("{FAE04EC0-301F-11D3-BF4B-00C04F79EFBC}") = "NBYS_WebParts", "NBYS_WebParts\NBYS_WebParts.csproj", "{942BCDA3-D968-4F80-A9EA-869DCA1AE159}"
	ProjectSection(ProjectDependencies) = postProject
		{1FA61ADE-6FB6-4FEA-95F1-D99C7523D18A} = {1FA61ADE-6FB6-4FEA-95F1-D99C7523D18A}
	EndProjectSection
EndProject
Project("{FAE04EC0-301F-11D3-BF4B-00C04F79EFBC}") = "IKYS_WebParts", "IKYS_WebParts\IKYS_WebParts.csproj", "{F5664A1F-8430-4FEC-9B63-4B6B4D72FF22}"
	ProjectSection(ProjectDependencies) = postProject
		{1FA61ADE-6FB6-4FEA-95F1-D99C7523D18A} = {1FA61ADE-6FB6-4FEA-95F1-D99C7523D18A}
	EndProjectSection
EndProject
Project("{FAE04EC0-301F-11D3-BF4B-00C04F79EFBC}") = "Portal_WebParts", "Portal_WebParts\Portal_WebParts.csproj", "{F7BAF93D-C62B-40DF-9DE3-C92E2CCA5F9C}"
EndProject
Project("{FAE04EC0-301F-11D3-BF4B-00C04F79EFBC}") = "ConsoleApplication_Test", "ConsoleApplication_Test\ConsoleApplication_Test.csproj", "{35FB61AB-2C18-46F4-8BBA-E42F2658BEAC}"
EndProject
Project("{FAE04EC0-301F-11D3-BF4B-00C04F79EFBC}") = "MTS_WebParts", "MTS_WebParts\MTS_WebParts.csproj", "{4BB30692-604D-4C8D-ADF7-3A049AD260F3}"
	ProjectSection(ProjectDependencies) = postProject
		{1FA61ADE-6FB6-4FEA-95F1-D99C7523D18A} = {1FA61ADE-6FB6-4FEA-95F1-D99C7523D18A}
	EndProjectSection
EndProject
Project("{FAE04EC0-301F-11D3-BF4B-00C04F79EFBC}") = "Utility", "Utility\Utility.csproj", "{552062B0-D288-47F2-9B32-F556498254FE}"
EndProject
Project("{FAE04EC0-301F-11D3-BF4B-00C04F79EFBC}") = "MFYS_WebParts", "MFYS_WebParts\MFYS_WebParts.csproj", "{5F4F5384-E3A9-489D-863C-860BE07F36D3}"
	ProjectSection(ProjectDependencies) = postProject
		{1FA61ADE-6FB6-4FEA-95F1-D99C7523D18A} = {1FA61ADE-6FB6-4FEA-95F1-D99C7523D18A}
		{552062B0-D288-47F2-9B32-F556498254FE} = {552062B0-D288-47F2-9B32-F556498254FE}
		{84F644D0-0931-4536-9EDC-CBE7A773F546} = {84F644D0-0931-4536-9EDC-CBE7A773F546}
	EndProjectSection
EndProject
Project("{FAE04EC0-301F-11D3-BF4B-00C04F79EFBC}") = "FileEncodingScanner", "FileEncodingScanner\FileEncodingScanner.csproj", "{6A35FB6C-BFE2-4173-821B-82657AEEADA7}"
EndProject
Global
	GlobalSection(SolutionConfigurationPlatforms) = preSolution
		Debug|Any CPU = Debug|Any CPU
		Debug|x64 = Debug|x64
		Debug|x86 = Debug|x86
		Release|Any CPU = Release|Any CPU
		Release|x64 = Release|x64
		Release|x86 = Release|x86
	EndGlobalSection
	GlobalSection(ProjectConfigurationPlatforms) = postSolution
		{1FA61ADE-6FB6-4FEA-95F1-D99C7523D18A}.Debug|Any CPU.ActiveCfg = Debug|Any CPU
		{1FA61ADE-6FB6-4FEA-95F1-D99C7523D18A}.Debug|Any CPU.Build.0 = Debug|Any CPU
		{1FA61ADE-6FB6-4FEA-95F1-D99C7523D18A}.Debug|x64.ActiveCfg = Debug|Any CPU
		{1FA61ADE-6FB6-4FEA-95F1-D99C7523D18A}.Debug|x64.Build.0 = Debug|Any CPU
		{1FA61ADE-6FB6-4FEA-95F1-D99C7523D18A}.Debug|x86.ActiveCfg = Debug|Any CPU
		{1FA61ADE-6FB6-4FEA-95F1-D99C7523D18A}.Debug|x86.Build.0 = Debug|Any CPU
		{1FA61ADE-6FB6-4FEA-95F1-D99C7523D18A}.Release|Any CPU.ActiveCfg = Release|Any CPU
		{1FA61ADE-6FB6-4FEA-95F1-D99C7523D18A}.Release|Any CPU.Build.0 = Release|Any CPU
		{1FA61ADE-6FB6-4FEA-95F1-D99C7523D18A}.Release|x64.ActiveCfg = Release|Any CPU
		{1FA61ADE-6FB6-4FEA-95F1-D99C7523D18A}.Release|x64.Build.0 = Release|Any CPU
		{1FA61ADE-6FB6-4FEA-95F1-D99C7523D18A}.Release|x86.ActiveCfg = Release|Any CPU
		{1FA61ADE-6FB6-4FEA-95F1-D99C7523D18A}.Release|x86.Build.0 = Release|Any CPU
		{84F644D0-0931-4536-9EDC-CBE7A773F546}.Debug|Any CPU.ActiveCfg = Debug|Any CPU
		{84F644D0-0931-4536-9EDC-CBE7A773F546}.Debug|Any CPU.Build.0 = Debug|Any CPU
		{84F644D0-0931-4536-9EDC-CBE7A773F546}.Debug|x64.ActiveCfg = Debug|Any CPU
		{84F644D0-0931-4536-9EDC-CBE7A773F546}.Debug|x64.Build.0 = Debug|Any CPU
		{84F644D0-0931-4536-9EDC-CBE7A773F546}.Debug|x86.ActiveCfg = Debug|Any CPU
		{84F644D0-0931-4536-9EDC-CBE7A773F546}.Debug|x86.Build.0 = Debug|Any CPU
		{84F644D0-0931-4536-9EDC-CBE7A773F546}.Release|Any CPU.ActiveCfg = Release|Any CPU
		{84F644D0-0931-4536-9EDC-CBE7A773F546}.Release|Any CPU.Build.0 = Release|Any CPU
		{84F644D0-0931-4536-9EDC-CBE7A773F546}.Release|x64.ActiveCfg = Release|Any CPU
		{84F644D0-0931-4536-9EDC-CBE7A773F546}.Release|x64.Build.0 = Release|Any CPU
		{84F644D0-0931-4536-9EDC-CBE7A773F546}.Release|x86.ActiveCfg = Release|Any CPU
		{84F644D0-0931-4536-9EDC-CBE7A773F546}.Release|x86.Build.0 = Release|Any CPU
		{98B2BF6E-5C11-42D6-B285-44B657BEE149}.Debug|Any CPU.ActiveCfg = Debug|Any CPU
		{98B2BF6E-5C11-42D6-B285-44B657BEE149}.Debug|Any CPU.Build.0 = Debug|Any CPU
		{98B2BF6E-5C11-42D6-B285-44B657BEE149}.Debug|Any CPU.Deploy.0 = Debug|Any CPU
		{98B2BF6E-5C11-42D6-B285-44B657BEE149}.Debug|x64.ActiveCfg = Debug|Any CPU
		{98B2BF6E-5C11-42D6-B285-44B657BEE149}.Debug|x64.Build.0 = Debug|Any CPU
		{98B2BF6E-5C11-42D6-B285-44B657BEE149}.Debug|x86.ActiveCfg = Debug|Any CPU
		{98B2BF6E-5C11-42D6-B285-44B657BEE149}.Debug|x86.Build.0 = Debug|Any CPU
		{98B2BF6E-5C11-42D6-B285-44B657BEE149}.Release|Any CPU.ActiveCfg = Release|Any CPU
		{98B2BF6E-5C11-42D6-B285-44B657BEE149}.Release|Any CPU.Build.0 = Release|Any CPU
		{98B2BF6E-5C11-42D6-B285-44B657BEE149}.Release|Any CPU.Deploy.0 = Release|Any CPU
		{98B2BF6E-5C11-42D6-B285-44B657BEE149}.Release|x64.ActiveCfg = Release|Any CPU
		{98B2BF6E-5C11-42D6-B285-44B657BEE149}.Release|x64.Build.0 = Release|Any CPU
		{98B2BF6E-5C11-42D6-B285-44B657BEE149}.Release|x86.ActiveCfg = Release|Any CPU
		{98B2BF6E-5C11-42D6-B285-44B657BEE149}.Release|x86.Build.0 = Release|Any CPU
		{942BCDA3-D968-4F80-A9EA-869DCA1AE159}.Debug|Any CPU.ActiveCfg = Debug|Any CPU
		{942BCDA3-D968-4F80-A9EA-869DCA1AE159}.Debug|Any CPU.Build.0 = Debug|Any CPU
		{942BCDA3-D968-4F80-A9EA-869DCA1AE159}.Debug|Any CPU.Deploy.0 = Debug|Any CPU
		{942BCDA3-D968-4F80-A9EA-869DCA1AE159}.Debug|x64.ActiveCfg = Debug|Any CPU
		{942BCDA3-D968-4F80-A9EA-869DCA1AE159}.Debug|x64.Build.0 = Debug|Any CPU
		{942BCDA3-D968-4F80-A9EA-869DCA1AE159}.Debug|x86.ActiveCfg = Debug|Any CPU
		{942BCDA3-D968-4F80-A9EA-869DCA1AE159}.Debug|x86.Build.0 = Debug|Any CPU
		{942BCDA3-D968-4F80-A9EA-869DCA1AE159}.Release|Any CPU.ActiveCfg = Release|Any CPU
		{942BCDA3-D968-4F80-A9EA-869DCA1AE159}.Release|Any CPU.Build.0 = Release|Any CPU
		{942BCDA3-D968-4F80-A9EA-869DCA1AE159}.Release|Any CPU.Deploy.0 = Release|Any CPU
		{942BCDA3-D968-4F80-A9EA-869DCA1AE159}.Release|x64.ActiveCfg = Release|Any CPU
		{942BCDA3-D968-4F80-A9EA-869DCA1AE159}.Release|x64.Build.0 = Release|Any CPU
		{942BCDA3-D968-4F80-A9EA-869DCA1AE159}.Release|x86.ActiveCfg = Release|Any CPU
		{942BCDA3-D968-4F80-A9EA-869DCA1AE159}.Release|x86.Build.0 = Release|Any CPU
		{F5664A1F-8430-4FEC-9B63-4B6B4D72FF22}.Debug|Any CPU.ActiveCfg = Debug|Any CPU
		{F5664A1F-8430-4FEC-9B63-4B6B4D72FF22}.Debug|Any CPU.Build.0 = Debug|Any CPU
		{F5664A1F-8430-4FEC-9B63-4B6B4D72FF22}.Debug|Any CPU.Deploy.0 = Debug|Any CPU
		{F5664A1F-8430-4FEC-9B63-4B6B4D72FF22}.Debug|x64.ActiveCfg = Debug|Any CPU
		{F5664A1F-8430-4FEC-9B63-4B6B4D72FF22}.Debug|x64.Build.0 = Debug|Any CPU
		{F5664A1F-8430-4FEC-9B63-4B6B4D72FF22}.Debug|x86.ActiveCfg = Debug|Any CPU
		{F5664A1F-8430-4FEC-9B63-4B6B4D72FF22}.Debug|x86.Build.0 = Debug|Any CPU
		{F5664A1F-8430-4FEC-9B63-4B6B4D72FF22}.Release|Any CPU.ActiveCfg = Release|Any CPU
		{F5664A1F-8430-4FEC-9B63-4B6B4D72FF22}.Release|Any CPU.Build.0 = Release|Any CPU
		{F5664A1F-8430-4FEC-9B63-4B6B4D72FF22}.Release|Any CPU.Deploy.0 = Release|Any CPU
		{F5664A1F-8430-4FEC-9B63-4B6B4D72FF22}.Release|x64.ActiveCfg = Release|Any CPU
		{F5664A1F-8430-4FEC-9B63-4B6B4D72FF22}.Release|x64.Build.0 = Release|Any CPU
		{F5664A1F-8430-4FEC-9B63-4B6B4D72FF22}.Release|x86.ActiveCfg = Release|Any CPU
		{F5664A1F-8430-4FEC-9B63-4B6B4D72FF22}.Release|x86.Build.0 = Release|Any CPU
		{F7BAF93D-C62B-40DF-9DE3-C92E2CCA5F9C}.Debug|Any CPU.ActiveCfg = Debug|Any CPU
		{F7BAF93D-C62B-40DF-9DE3-C92E2CCA5F9C}.Debug|Any CPU.Build.0 = Debug|Any CPU
		{F7BAF93D-C62B-40DF-9DE3-C92E2CCA5F9C}.Debug|Any CPU.Deploy.0 = Debug|Any CPU
		{F7BAF93D-C62B-40DF-9DE3-C92E2CCA5F9C}.Debug|x64.ActiveCfg = Debug|Any CPU
		{F7BAF93D-C62B-40DF-9DE3-C92E2CCA5F9C}.Debug|x64.Build.0 = Debug|Any CPU
		{F7BAF93D-C62B-40DF-9DE3-C92E2CCA5F9C}.Debug|x86.ActiveCfg = Debug|Any CPU
		{F7BAF93D-C62B-40DF-9DE3-C92E2CCA5F9C}.Debug|x86.Build.0 = Debug|Any CPU
		{F7BAF93D-C62B-40DF-9DE3-C92E2CCA5F9C}.Release|Any CPU.ActiveCfg = Release|Any CPU
		{F7BAF93D-C62B-40DF-9DE3-C92E2CCA5F9C}.Release|Any CPU.Build.0 = Release|Any CPU
		{F7BAF93D-C62B-40DF-9DE3-C92E2CCA5F9C}.Release|Any CPU.Deploy.0 = Release|Any CPU
		{F7BAF93D-C62B-40DF-9DE3-C92E2CCA5F9C}.Release|x64.ActiveCfg = Release|Any CPU
		{F7BAF93D-C62B-40DF-9DE3-C92E2CCA5F9C}.Release|x64.Build.0 = Release|Any CPU
		{F7BAF93D-C62B-40DF-9DE3-C92E2CCA5F9C}.Release|x86.ActiveCfg = Release|Any CPU
		{F7BAF93D-C62B-40DF-9DE3-C92E2CCA5F9C}.Release|x86.Build.0 = Release|Any CPU
		{35FB61AB-2C18-46F4-8BBA-E42F2658BEAC}.Debug|Any CPU.ActiveCfg = Debug|Any CPU
		{35FB61AB-2C18-46F4-8BBA-E42F2658BEAC}.Debug|Any CPU.Build.0 = Debug|Any CPU
		{35FB61AB-2C18-46F4-8BBA-E42F2658BEAC}.Debug|x64.ActiveCfg = Debug|Any CPU
		{35FB61AB-2C18-46F4-8BBA-E42F2658BEAC}.Debug|x64.Build.0 = Debug|Any CPU
		{35FB61AB-2C18-46F4-8BBA-E42F2658BEAC}.Debug|x86.ActiveCfg = Debug|Any CPU
		{35FB61AB-2C18-46F4-8BBA-E42F2658BEAC}.Debug|x86.Build.0 = Debug|Any CPU
		{35FB61AB-2C18-46F4-8BBA-E42F2658BEAC}.Release|Any CPU.ActiveCfg = Release|Any CPU
		{35FB61AB-2C18-46F4-8BBA-E42F2658BEAC}.Release|Any CPU.Build.0 = Release|Any CPU
		{35FB61AB-2C18-46F4-8BBA-E42F2658BEAC}.Release|x64.ActiveCfg = Release|Any CPU
		{35FB61AB-2C18-46F4-8BBA-E42F2658BEAC}.Release|x64.Build.0 = Release|Any CPU
		{35FB61AB-2C18-46F4-8BBA-E42F2658BEAC}.Release|x86.ActiveCfg = Release|Any CPU
		{35FB61AB-2C18-46F4-8BBA-E42F2658BEAC}.Release|x86.Build.0 = Release|Any CPU
		{4BB30692-604D-4C8D-ADF7-3A049AD260F3}.Debug|Any CPU.ActiveCfg = Debug|Any CPU
		{4BB30692-604D-4C8D-ADF7-3A049AD260F3}.Debug|Any CPU.Build.0 = Debug|Any CPU
		{4BB30692-604D-4C8D-ADF7-3A049AD260F3}.Debug|Any CPU.Deploy.0 = Debug|Any CPU
		{4BB30692-604D-4C8D-ADF7-3A049AD260F3}.Debug|x64.ActiveCfg = Debug|Any CPU
		{4BB30692-604D-4C8D-ADF7-3A049AD260F3}.Debug|x64.Build.0 = Debug|Any CPU
		{4BB30692-604D-4C8D-ADF7-3A049AD260F3}.Debug|x86.ActiveCfg = Debug|Any CPU
		{4BB30692-604D-4C8D-ADF7-3A049AD260F3}.Debug|x86.Build.0 = Debug|Any CPU
		{4BB30692-604D-4C8D-ADF7-3A049AD260F3}.Release|Any CPU.ActiveCfg = Release|Any CPU
		{4BB30692-604D-4C8D-ADF7-3A049AD260F3}.Release|Any CPU.Build.0 = Release|Any CPU
		{4BB30692-604D-4C8D-ADF7-3A049AD260F3}.Release|Any CPU.Deploy.0 = Release|Any CPU
		{4BB30692-604D-4C8D-ADF7-3A049AD260F3}.Release|x64.ActiveCfg = Release|Any CPU
		{4BB30692-604D-4C8D-ADF7-3A049AD260F3}.Release|x64.Build.0 = Release|Any CPU
		{4BB30692-604D-4C8D-ADF7-3A049AD260F3}.Release|x86.ActiveCfg = Release|Any CPU
		{4BB30692-604D-4C8D-ADF7-3A049AD260F3}.Release|x86.Build.0 = Release|Any CPU
		{552062B0-D288-47F2-9B32-F556498254FE}.Debug|Any CPU.ActiveCfg = Debug|Any CPU
		{552062B0-D288-47F2-9B32-F556498254FE}.Debug|Any CPU.Build.0 = Debug|Any CPU
		{552062B0-D288-47F2-9B32-F556498254FE}.Debug|x64.ActiveCfg = Debug|Any CPU
		{552062B0-D288-47F2-9B32-F556498254FE}.Debug|x64.Build.0 = Debug|Any CPU
		{552062B0-D288-47F2-9B32-F556498254FE}.Debug|x86.ActiveCfg = Debug|Any CPU
		{552062B0-D288-47F2-9B32-F556498254FE}.Debug|x86.Build.0 = Debug|Any CPU
		{552062B0-D288-47F2-9B32-F556498254FE}.Release|Any CPU.ActiveCfg = Release|Any CPU
		{552062B0-D288-47F2-9B32-F556498254FE}.Release|Any CPU.Build.0 = Release|Any CPU
		{552062B0-D288-47F2-9B32-F556498254FE}.Release|x64.ActiveCfg = Release|Any CPU
		{552062B0-D288-47F2-9B32-F556498254FE}.Release|x64.Build.0 = Release|Any CPU
		{552062B0-D288-47F2-9B32-F556498254FE}.Release|x86.ActiveCfg = Release|Any CPU
		{552062B0-D288-47F2-9B32-F556498254FE}.Release|x86.Build.0 = Release|Any CPU
		{5F4F5384-E3A9-489D-863C-860BE07F36D3}.Debug|Any CPU.ActiveCfg = Debug|Any CPU
		{5F4F5384-E3A9-489D-863C-860BE07F36D3}.Debug|Any CPU.Build.0 = Debug|Any CPU
		{5F4F5384-E3A9-489D-863C-860BE07F36D3}.Debug|Any CPU.Deploy.0 = Debug|Any CPU
		{5F4F5384-E3A9-489D-863C-860BE07F36D3}.Debug|x64.ActiveCfg = Debug|Any CPU
		{5F4F5384-E3A9-489D-863C-860BE07F36D3}.Debug|x64.Build.0 = Debug|Any CPU
		{5F4F5384-E3A9-489D-863C-860BE07F36D3}.Debug|x86.ActiveCfg = Debug|Any CPU
		{5F4F5384-E3A9-489D-863C-860BE07F36D3}.Debug|x86.Build.0 = Debug|Any CPU
		{5F4F5384-E3A9-489D-863C-860BE07F36D3}.Release|Any CPU.ActiveCfg = Release|Any CPU
		{5F4F5384-E3A9-489D-863C-860BE07F36D3}.Release|Any CPU.Build.0 = Release|Any CPU
		{5F4F5384-E3A9-489D-863C-860BE07F36D3}.Release|Any CPU.Deploy.0 = Release|Any CPU
		{5F4F5384-E3A9-489D-863C-860BE07F36D3}.Release|x64.ActiveCfg = Release|Any CPU
		{5F4F5384-E3A9-489D-863C-860BE07F36D3}.Release|x64.Build.0 = Release|Any CPU
		{5F4F5384-E3A9-489D-863C-860BE07F36D3}.Release|x86.ActiveCfg = Release|Any CPU
		{5F4F5384-E3A9-489D-863C-860BE07F36D3}.Release|x86.Build.0 = Release|Any CPU
		{6A35FB6C-BFE2-4173-821B-82657AEEADA7}.Debug|Any CPU.ActiveCfg = Debug|Any CPU
		{6A35FB6C-BFE2-4173-821B-82657AEEADA7}.Debug|Any CPU.Build.0 = Debug|Any CPU
		{6A35FB6C-BFE2-4173-821B-82657AEEADA7}.Debug|x64.ActiveCfg = Debug|Any CPU
		{6A35FB6C-BFE2-4173-821B-82657AEEADA7}.Debug|x64.Build.0 = Debug|Any CPU
		{6A35FB6C-BFE2-4173-821B-82657AEEADA7}.Debug|x86.ActiveCfg = Debug|Any CPU
		{6A35FB6C-BFE2-4173-821B-82657AEEADA7}.Debug|x86.Build.0 = Debug|Any CPU
		{6A35FB6C-BFE2-4173-821B-82657AEEADA7}.Release|Any CPU.ActiveCfg = Release|Any CPU
		{6A35FB6C-BFE2-4173-821B-82657AEEADA7}.Release|Any CPU.Build.0 = Release|Any CPU
		{6A35FB6C-BFE2-4173-821B-82657AEEADA7}.Release|x64.ActiveCfg = Release|Any CPU
		{6A35FB6C-BFE2-4173-821B-82657AEEADA7}.Release|x64.Build.0 = Release|Any CPU
		{6A35FB6C-BFE2-4173-821B-82657AEEADA7}.Release|x86.ActiveCfg = Release|Any CPU
		{6A35FB6C-BFE2-4173-821B-82657AEEADA7}.Release|x86.Build.0 = Release|Any CPU
	EndGlobalSection
	GlobalSection(SolutionProperties) = preSolution
		HideSolutionNode = FALSE
	EndGlobalSection
	GlobalSection(ExtensibilityGlobals) = postSolution
		SolutionGuid = {38107E4C-A1DF-4069-82F1-2D92BDF84F68}
	EndGlobalSection
	GlobalSection(SubversionScc) = preSolution
		Svn-Managed = True
		Manager = Git
	EndGlobalSection
EndGlobal
